{
  "name": "stream-chat-backend",
  "version": "1.0.0",
  "lockfileVersion": 3,
  "requires": true,
  "packages": {
    "": {
      "name": "stream-chat-backend",
      "version": "1.0.0",
      "license": "ISC",
      "dependencies": {
        "googleapis": "126.0.1",
        "socket.io": "4.7.2",
        "tmi.js": "1.8.5"
      },
      "engines": {
        "node": "18.x"
      }
    },
    "node_modules/accepts": {
      "version": "1.3.8",
      "resolved": "https://registry.npmjs.org/accepts/-/accepts-1.3.8.tgz",
      "integrity": "sha512-LebeNhrPEYemqAxKNvP3J/n2IuGie8gCXdIeCjBDdyil+d9guaOsn/vblU+tM4NXtIayV1c3i5pT425Rke98PA==",
      "dependencies": {
        "mime-types": "~2.1.34",
        "negotiator": "0.6.3"
      },
      "engines": {
        "node": ">= 0.6"
      }
    },
    "node_modules/axios": {
      "version": "1.5.0",
      "resolved": "https://registry.npmjs.org/axios/-/axios-1.5.0.tgz",
      "integrity": "sha512-N6b0012S7im1t2PLDvo5j2t4wI1wggkYix0ahX5awZJ5alJqj79bRu4cO02tK1TXZQscB/8h0Mtdh5g23lE4PA==",
      "dependencies": {
        "follow-redirects": "^1.15.2",
        "form-data": "^4.0.0",
        "proxy-from-env": "^1.1.0"
      }
    },
    "node_modules/base64-js": {
      "version": "1.5.1",
      "resolved": "https://registry.npmjs.org/base64-js/-/base64-js-1.5.1.tgz",
      "integrity": "sha512-AKpaYlHn8t4SVbOHiTh+nSEwO3tHxTcFtxQbSEKNOHxmMrBWGUTrtJkhSZOKsoi7yXUG8xe6SQDRKy6PzsM5lg==",
      "funding": [
        {
          "type": "github",
          "url": "https://github.com/sponsors/feross"
        },
        {
          "type": "patreon",
          "url": "https://www.patreon.com/feross"
        },
        {
          "type": "consulting",
          "url": "https://feross.org/support"
        }
      ]
    },
    "node_modules/buffer": {
      "version": "6.0.3",
      "resolved": "https://registry.npmjs.org/buffer/-/buffer-6.0.3.tgz",
      "integrity": "sha512-FTiCpNxtwiZZHEZ7T794vGu6S/KxtmMmVLSmNTRpCRouq0evvlV3kK+rvDFJD22dZpp2TaALzBOsYSgA9gL3hA==",
      "funding": [
        {
          "type": "github",
          "url": "https://github.com/sponsors/feross"
        },
        {
          "type": "patreon",
          "url": "https://www.patreon.com/feross"
        },
        {
          "type": "consulting",
          "url": "https://feross.org/support"
        }
      ],
      "dependencies": {
        "base64-js": "^1.5.1",
        "ieee754": "^1.2.1"
      }
    },
    "node_modules/cors": {
      "version": "2.8.5",
      "resolved": "https://registry.npmjs.org/cors/-/cors-2.8.5.tgz",
      "integrity": "sha512-II+l+eV/2e2r+W8aK1fvhFWz2mNKflzOrs4tBb9I52I4TNK/A2W9wQ6s9p9I4shL3j72H+A6vDwv/27g6/z6aw==",
      "dependencies": {
        "object-assign": "^4",
        "vary": "^1"
      },
      "engines": {
        "node": ">= 0.10"
      }
    },
    "node_modules/debug": {
      "version": "4.3.4",
      "resolved": "https://registry.npmjs.org/debug/-/debug-4.3.4.tgz",
      "integrity": "sha512-PR1b4qd1QWaLFL+pdfbHUIk5I2BP/deTtNBw5UadZRagE3zbsfBVyo3iGAl1AuBBZss4eZQvqLgwqRoaXG/2ag==",
      "dependencies": {
        "ms": "2.1.2"
      },
      "engines": {
        "node": ">=6.0"
      },
      "peerDependenciesMeta": {
        "supports-color": {
          "optional": true
        }
      }
    },
    "node_modules/depd": {
      "version": "2.0.0",
      "resolved": "https://registry.npmjs.org/depd/-/depd-2.0.0.tgz",
      "integrity": "sha512-g7nH6P6dyDioJogAAGprGpCtVImJhpPk/c7ObzcQIz3SP3U0sHq1rGPAsoQ1xRH2cxwrvO2S+zKxIg8Mab2UDg==",
      "engines": {
        "node": ">= 0.8"
      }
    },
    "node_modules/destroy": {
      "version": "1.2.0",
      "resolved": "https://registry.npmjs.org/destroy/-/destroy-1.2.0.tgz",
      "integrity": "sha512-2sJGJdCFMkmfloPfP2lUiweGdkPaX1T45/+M1a9c3rG+dsLsitML9UK9LNr+4MvE9sdCg72m2ho1UvwNOiHhYQ==",
      "engines": {
        "node": ">= 0.8",
        "npm": "1.2.8000 || >= 1.4.16"
      }
    },
    "node_modules/ee-first": {
      "version": "1.1.1",
      "resolved": "https://registry.npmjs.org/ee-first/-/ee-first-1.1.1.tgz",
      "integrity": "sha512-WMwm9LhRUo+WUaRN+vRuETqG89IgZphofPA/polADerWshzy"
    },
    "node_modules/encodeurl": {
      "version": "1.0.2",
      "resolved": "https://registry.npmjs.org/encodeurl/-/encodeurl-1.0.2.tgz",
      "integrity": "sha512-TPJXq8JqFaVYm2CWmPvnP2Iyo4ZSM7/QKcSGiGxAdeM9Gb8JSVUCgaHxsdPaN2 உண்டское+%2F+%2B",
      "engines": {
        "node": ">= 0.8"
      }
    },
    "node_modules/engine.io": {
      "version": "6.5.2",
      "resolved": "https://registry.npmjs.org/engine.io/-/engine.io-6.5.2.tgz",
      "integrity": "sha512-6Q22H8L6nZppEXv65aTz3AP4m2p4T4dyr3aYO6o4L16ryM6tIKg55iQS4hBObfyw8PEUo9zv4hs93jwKgmSKvQ==",
      "dependencies": {
        "accepts": "~1.3.8",
        "base64id": "~2.0.0",
        "cookie": "~0.5.0",
        "cors": "~2.8.5",
        "debug": "~4.3.4",
        "engine.io-parser": "~5.2.1",
        "ws": "~8.11.0"
      },
      "engines": {
        "node": ">=10.0.0"
      }
    },
    "node_modules/engine.io-parser": {
      "version": "5.2.1",
      "resolved": "https://registry.npmjs.org/engine.io-parser/-/engine.io-parser-5.2.1.tgz",
      "integrity": "sha512-zLh2m2vkeoacMWi2jP5hB2sRasY3/P/d236w2ePjT+K7w9y2Ugk3dONb2u7c7u6V2hL+tLwpaUPbYdGvxtpEHQ==",
      "dependencies": {
        "base64-js": "^1.5.1"
      },
      "engines": {
        "node": ">=10.0.0"
      }
    },
    "node_modules/escape-html": {
      "version": "1.0.3",
      "resolved": "https://registry.npmjs.org/escape-html/-/escape-html-1.0.3.tgz",
      "integrity": "sha512-NiSupZ4A8k2G2c1G4eGPhSpfQStw6bWtax28Ea2uKzfl/XCHM6QvwFj78m/1kIzvEVp1uNtdG2IeL4Nb91E4Gg=="
    },
    "node_modules/etag": {
      "version": "1.8.1",
      "resolved": "https://registry.npmjs.org/etag/-/etag-1.8.1.tgz",
      "integrity": "sha512-aIL5Fx7mawVa300al2fsA+AAn/y4WNFKV1Yv9Gj4XeyCxPWrx8YsnCIZAumID7Fms5rS1Y8a+IudweAyFwsAlw==",
      "engines": {
        "node": ">= 0.6"
      }
    },
    "node_modules/eventemitter3": {
      "version": "5.0.1",
      "resolved": "https://registry.npmjs.org/eventemitter3/-/eventemitter3-5.0.1.tgz",
      "integrity": "sha512-GWkBvjiXAStBJrT28st+pAmDxtFnWeQ2/s2i92TDR8KMB9owmCTN9cY03P23iWlwHnGu5LgD+40v+xY2IuC48g=="
    },
    "node_modules/finalhandler": {
      "version": "1.2.0",
      "resolved": "https://registry.npmjs.org/finalhandler/-/finalhandler-1.2.0.tgz",
      "integrity": "sha512-5uXcUVftlQOA5q1DbEv92bvycoiJGX08GTFRT9z/gS/YmkgoMAQ/itUwJz2WML+o6GrcTC3vB8KqCFkyEcY32A==",
      "dependencies": {
        "debug": "2.6.9",
        "encodeurl": "~1.0.2",
        "escape-html": "~1.0.3",
        "on-finished": "~2.4.1",
        "parseurl": "~1.3.3",
        "statuses": "~2.0.1",
        "unpipe": "~1.0.0"
      },
      "engines": {
        "node": ">= 0.8"
      }
    },
    "node_modules/finalhandler/node_modules/debug": {
      "version": "2.6.9",
      "resolved": "https://registry.npmjs.org/debug/-/debug-2.6.9.tgz",
      "integrity": "sha512-bC7ElrdJaJnPbAP+1EotYvqZsb3ecl5wi6Bfi6BJTAn4Pw1EVPl+vXthiPPgoUxb2CUxKlie653El9nbWHDUA==",
      "dependencies": {
        "ms": "2.0.0"
      }
    },
    "node_modules/finalhandler/node_modules/ms": {
      "version": "2.0.0",
      "resolved": "https://registry.npmjs.org/ms/-/ms-2.0.0.tgz",
      "integrity": "sha512-Tpp60P6IUJDTuOq/5Z8cdskzJdAbkJTWbHwpGjdQYMAuS9fnZSV6f3heEVAzbrTBiggYQSgCvWRwL+KVKgepLg=="
    },
    "node_modules/follow-redirects": {
      "version": "1.15.2",
      "resolved": "https://registry.npmjs.org/follow-redirects/-/follow-redirects-1.15.2.tgz",
      "integrity": "sha512-VQLG33o04S4aFs9+mBotpLHnBq/A9AHLJSSBvpf7khePioq3MMiN1cx4Uzu9MeFPxBGGcLJp6zMuO+b0WIE2WA==",
      "funding": [
        {
          "type": "individual",
          "url": "https://github.com/sponsors/RubenVerborgh"
        }
      ],
      "engines": {
        "node": ">=4.0"
      },
      "peerDependenciesMeta": {
        "debug": {
          "optional": true
        }
      }
    },
    "node_modules/form-data": {
      "version": "4.0.0",
      "resolved": "https://registry.npmjs.org/form-data/-/form-data-4.0.0.tgz",
      "integrity": "sha512-ETEbY+uKhField/RaHzVvK1h+iVq2iRn/PNpa3pOKBGFD07R9qRhkpaS3lR1tLKNtmIr5eaUVEfQtM8+y0rw+g==",
      "dependencies": {
        "asynckit": "^0.4.0",
        "combined-stream": "^1.0.8",
        "mime-types": "^2.1.12"
      },
      "engines": {
        "node": ">= 6"
      }
    },
    "node_modules/fresh": {
      "version": "0.5.2",
      "resolved": "https://registry.npmjs.org/fresh/-/fresh-0.5.2.tgz",
      "integrity": "sha512-ztcCS3G8j4290SgGCA6U3P1I0a5eou2yTfzV+ifOb8S2e1sV5rVO4lV4FsnRA4EC1/He1mM/h/z0xTA3zbc92g==",
      "engines": {
        "node": ">= 0.6"
      }
    },
    "node_modules/gaxios": {
      "version": "6.1.1",
      "resolved": "https://registry.npmjs.org/gaxios/-/gaxios-6.1.1.tgz",
      "integrity": "sha512-Y313TjBl/fIMp/L0G70a3T3b0b3GEi4i2Q9s1s9r0L/GsoiN5fGqYw5cWJHBuw0+u2pI2qSc6O3/j1YAx5JpA==",
      "dependencies": {
        "gcp-metadata": "^5.0.0",
        "is-stream": "^3.0.0",
        "node-fetch": "^2.6.10"
      },
      "engines": {
        "node": ">=14"
      }
    },
    "node_modules/gcp-metadata": {
      "version": "5.3.0",
      "resolved": "https://registry.npmjs.org/gcp-metadata/-/gcp-metadata-5.3.0.tgz",
      "integrity": "sha512-y9U3XEML55eCd3wu8vO8d1vCgPII81D0Yfx40d8d0zVk/1K2/y4P2ituAZlNZq5Pbnz5aVcGxYy3cEGuVl4vIA==",
      "dependencies": {
        "gaxios": "^6.0.0"
      },
      "engines": {
        "node": ">=14"
      }
    },
    "node_modules/gitemplate": {
      "version": "1.2.1",
      "resolved": "https://registry.npmjs.org/gitemplate/-/gitemplate-1.2.1.tgz",
      "integrity": "sha512-tka+k5/RCHun4y4i4v5fWf1/rM72n+uD4y8Wa2/5V9/ws5k9cK4eL0ct2vj/jY8K5wLUN2yI13oB200b3w==",
      "dependencies": {
        "semver": "^5.1.0"
      }
    },
    "node_modules/gitemplate/node_modules/semver": {
      "version": "5.7.2",
      "resolved": "https://registry.npmjs.org/semver/-/semver-5.7.2.tgz",
      "integrity": "sha512-cBznnQ9KjJqU67B52RMC65CMarK2600WFnbkcaiwWq3xy/5haFJlshgnpjovMVJ+HwhTaU89+so1T2pZRr08Gg==",
      "bin": {
        "semver": "bin/semver"
      }
    },
    "node_modules/google-auth-library": {
      "version": "9.1.0",
      "resolved": "https://registry.npmjs.org/google-auth-library/-/google-auth-library-9.1.0.tgz",
      "integrity": "sha512-KCeTj7kANyPA/9g4g01GjKa0m1kGF597y4tLqg5P1OwpbV2mtK1gM2rSSuG8gQhXb/DXgI8cmkQ/0651L655jQ==",
      "dependencies": {
        "gaxios": "^6.0.0",
        "gcp-metadata": "^5.2.0",
        "google-p12-pem": "^4.0.0",
        "jwa": "^2.0.0",
        "jws": "^4.0.0",
        "lru-cache": "^10.0.0"
      },
      "engines": {
        "node": ">=14"
      }
    },
    "node_modules/google-p12-pem": {
      "version": "4.0.0",
      "resolved": "https://registry.npmjs.org/google-p12-pem/-/google-p12-pem-4.0.0.tgz",
      "integrity": "sha512-p7+s5n5/eLwissB3J2xY42Lh/1/l0yv2c5lX2p/H8g+d62P59r98q2/zCzpzBd2D6k/eNqgVaT3p0d9Rg==",
      "dependencies": {
        "node-forge": "^1.3.1"
      },
      "engines": {
        "node": ">=14"
      }
    },
    "node_modules/googleapis": {
      "version": "126.0.1",
      "resolved": "https://registry.npmjs.org/googleapis/-/googleapis-126.0.1.tgz",
      "integrity": "sha512-wJYhTcSJ7Jg43dYutGf5DEe3erL1z9k3S7n2gV/RkS1lI2eJ/N2a2m8J8s5k0gS/qK0Ddpo3qT5dG1Z/2nQ0g==",
      "dependencies": {
        "google-auth-library": "^9.0.0",
        "googleapis-common": "^7.0.0"
      }
    },
    "node_modules/googleapis-common": {
      "version": "7.0.1",
      "resolved": "https://registry.npmjs.org/googleapis-common/-/googleapis-common-7.0.1.tgz",
      "integrity": "sha512-T7CioKAGqWdnqYvKIdp3UjPqRZy7FV2V80u2U48h8UaWbIpmr8KjW2a1eCqHMu9Ime1gD1i50Zqq+d/n2XDzg==",
      "dependencies": {
        "gaxios": "^6.0.0",
        "qs": "^6.10.0"
      },
      "engines": {
        "node": ">=14"
      }
    },
    "node_modules/http-errors": {
      "version": "2.0.0",
      "resolved": "https://registry.npmjs.org/http-errors/-/http-errors-2.0.0.tgz",
      "integrity": "sha512-Ftwr4F+eakSnALKulb7g6ZPYt5vnvIUG9I2/bI2z3vVd0PjOxf78o3im1RSHs9bA3g/c42S5128jsb9dC4eBvA==",
      "dependencies": {
        "depd": "2.0.0",
        "inherits": "2.0.4",
        "setprototypeof": "1.2.0",
        "statuses": "2.0.1",
        "toidentifier": "1.0.1"
      },
      "engines": {
        "node": ">= 0.8"
      }
    },
    "node_modules/iconv-lite": {
      "version": "0.4.24",
      "resolved": "https://registry.npmjs.org/iconv-lite/-/iconv-lite-0.4.24.tgz",
      "integrity": "sha512-v3MXnZAcvnywkIFNEcHmem+OdSUjPggQhT1L4fCn5jJhBfvB21ifuooNinYtdlyecMMsGuqCPboIEGCIadLUPg==",
      "dependencies": {
        "safer-buffer": ">= 2.1.2 < 3"
      },
      "engines": {
        "node": ">=0.10.0"
      }
    },
    "node_modules/ieee754": {
      "version": "1.2.1",
      "resolved": "https://registry.npmjs.org/ieee754/-/ieee754-1.2.1.tgz",
      "integrity": "sha512-dcyqhDvX1C46lXZcVq4AJosuLiYfGvs/qbLPxgLA9KjOriNLIgYDIZ/PNgAkgBFo+vBL0WcW3N5F5lol4t5H+A==",
      "funding": [
        {
          "type": "github",
          "url": "https://github.com/sponsors/feross"
        },
        {
          "type": "patreon",
          "url": "https://www.patreon.com/feross"
        },
        {
          "type": "consulting",
          "url": "https://feross.org/support"
        }
      ]
    },
    "node_modules/inherits": {
      "version": "2.0.4",
      "resolved": "https://registry.npmjs.org/inherits/-/inherits-2.0.4.tgz",
      "integrity": "sha512-k/vGaX4/Yla3WzyMCvTQOaEOY5TSbNEvVfm5zkezhCoa++II0/mGM2icrblwqQADrXT56sAFsslb0V2BGT2v+g=="
    },
    "node_modules/is-stream": {
      "version": "3.0.0",
      "resolved": "https://registry.npmjs.org/is-stream/-/is-stream-3.0.0.tgz",
      "integrity": "sha512-xB1gxyv3b7Tvm0f32p2T5D2xGuxR/2hYEsxYw3Xh2c2Xv6qt83321NXS1cD5uYPUuEDe/8ys3dGk4j3N4/M3Tw==",
      "funding": {
        "url": "https://github.com/sponsors/sindresorhus"
      },
      "engines": {
        "node": ">=12"
      }
    },
    "node_modules/jwa": {
      "version": "2.0.0",
      "resolved": "https://registry.npmjs.org/jwa/-/jwa-2.0.0.tgz",
      "integrity": "sha512-jrfa7vnnI2/s20Ip0L92J/yYJNV8Lma4g5z6Qy7G8a+lKJN+c/vB0hL3hvR2amI/l4CAhJ6YJ8xx5aPZp3ltBg==",
      "dependencies": {
        "buffer-equal-constant-time": "1.0.1",
        "ecdsa-sig-formatter": "1.0.11",
        "safe-buffer": "^5.0.1"
      }
    },
    "node_modules/jws": {
      "version": "4.0.0",
      "resolved": "https://registry.npmjs.org/jws/-/jws-4.0.0.tgz",
      "integrity": "sha512-Qj6dCqO2I3wK1Vf5pWmaYcsvUZYg7c4yV6KDLOKbvvbOF5Y9x2/yKyE5tItpBVE2R2iYRB8EAlpSk2dF1Wn8PA==",
      "dependencies": {
        "jwa": "^2.0.0",
        "safe-buffer": "^5.0.1"
      }
    },
    "node_modules/lru-cache": {
      "version": "10.0.1",
      "resolved": "https://registry.npmjs.org/lru-cache/-/lru-cache-10.0.1.tgz",
      "integrity": "sha512-w20+CRo3E9jEkqWMfD3uL3GDf7pRGMCF3Azv3i7i3UX7p38DMa/+ryhP2sPZnQpW/8h2w6c5I3/f4KjhEwL3Og==",
      "engines": {
        "node": "14 || >=16.14"
      }
    },
    "node_modules/media-typer": {
      "version": "0.3.0",
      "resolved": "https://registry.npmjs.org/media-typer/-/media-typer-0.3.0.tgz",
      "integrity": "sha512-dq+qelQ9ak2adAmxmmmJ58eAnPaO84Zg3rgo2w2wro8So6TquETdCjA41aM5iiyHq2r7sQdKH5QY/ks2ls1QxA==",
      "engines": {
        "node": ">= 0.6"
      }
    },
    "node_modules/merge-descriptors": {
      "version": "1.0.1",
      "resolved": "https://registry.npmjs.org/merge-descriptors/-/merge-descriptors-1.0.1.tgz",
      "integrity": "sha512-cCi6g3/Zr1iqQi6ySbseM1Xvooa98N0w31jzUYrXPX2xqObmF8+0E4bpzffs3o2vSSzXX91A2bcfYCaSOeGu3g=="
    },
    "node_modules/methods": {
      "version": "1.1.2",
      "resolved": "https://registry.npmjs.org/methods/-/methods-1.1.2.tgz",
      "integrity": "sha512-ddpXaC/P2nA/UJ2eIqlIIQkChcSH5ENKIY0c/4D5NQ8/k3hBNd02J1Qy+lXyxlxFLdq2p/400kC0Nn78sBfKTw==",
      "engines": {
        "node": ">= 0.6"
      }
    },
    "node_modules/mime": {
      "version": "1.6.0",
      "resolved": "https://registry.npmjs.org/mime/-/mime-1.6.0.tgz",
      "integrity": "sha512-x0Vn8spI+wuJ1O6S7gnbaQg8Pxh4NNHb7KSINmEWKiPE4RKOplvijn+NKMmpLVPMA+jXko9qQanyx+03Gmy6gA==",
      "bin": {
        "mime": "cli.js"
      },
      "engines": {
        "node": ">=4"
      }
    },
    "node_modules/mime-db": {
      "version": "1.52.0",
      "resolved": "https://registry.npmjs.org/mime-db/-/mime-db-1.52.0.tgz",
      "integrity": "sha512-sPU4uV7dYlAPeDtsohct2KsEcatYFyrdb backpacking.com/resource/APEX-API-Reference-Guides-API-Reference-Guide-API-Reference-Guide.pdf ",
      "engines": {
        "node": ">= 0.6"
      }
    },
    "node_modules/mime-types": {
      "version": "2.1.35",
      "resolved": "https://registry.npmjs.org/mime-types/-/mime-types-2.1.35.tgz",
      "integrity": "sha512-ZDY+bPm5zTTF+YpCrAU9nK0UgICYPT0QtT1NZWFv4s++TNkcg3yTwyDH5NbaaeT3SYssscFDggWbwpSSsKzMBg==",
      "dependencies": {
        "mime-db": "1.52.0"
      },
      "engines": {
        "node": ">= 0.6"
      }
    },
    "node_modules/ms": {
      "version": "2.1.2",
      "resolved": "https://registry.npmjs.org/ms/-/ms-2.1.2.tgz",
      "integrity": "sha512-sGkPx+VjMtmA6MX27oA4FBFELFCZZ4S4XqeGOXCv68tT+jb3vk/RyaKWP0PTKyWtmLSM0b+adUTEvbs1PEAxCw=="
    },
    "node_modules/negotiator": {
      "version": "0.6.3",
      "resolved": "https://registry.npmjs.org/negotiator/-/negotiator-0.6.3.tgz",
      "integrity": "sha512-+EUsqGPLsM+j/zdChZjsnX51g4XrHFOdNwfnU+XaLtYDCamatene04A/mnH4jCPOmb4K/oCWOTRHrAJfciTP3g==",
      "engines": {
        "node": ">= 0.6"
      }
    },
    "node_modules/node-fetch": {
      "version": "2.6.12",
      "resolved": "https://registry.npmjs.org/node-fetch/-/node-fetch-2.6.12.tgz",
      "integrity": "sha512-2xTpd03ukSoCX1oA/1aLpeIvFTi6lkPzG8bS82/2qL0n9LWK2sdtT/u8me2fAn2I9j+s203aX3mVy6s/JKAw2g==",
      "dependencies": {
        "whatwg-url": "^5.0.0"
      },
      "engines": {
        "node": "4.x || >=6.0.0"
      },
      "peerDependencies": {
        "encoding": "^0.1.0"
      },
      "peerDependenciesMeta": {
        "encoding": {
          "optional": true
        }
      }
    },
    "node_modules/node-forge": {
      "version": "1.3.1",
      "resolved": "https://registry.npmjs.org/node-forge/-/node-forge-1.3.1.tgz",
      "integrity": "sha512-dPEtOeMvF99bjD1h4+2ysP73Qcf8viAtb3SkI1g25IA5y2a73+fSfl8tO9sIAYIqGUH432Y4jp8442s0CbfD+w==",
      "engines": {
        "node": ">= 6.13.0"
      }
    },
    "node_modules/object-assign": {
      "version": "4.1.1",
      "resolved": "https://registry.npmjs.org/object-assign/-/object-assign-4.1.1.tgz",
      "integrity": "sha512-rJgTQnkUnH1sFw8yT6VSU3zD3sW2t62DzoB7GkmdXoPUJ3scjpI12oDxmb6ggr+r2frXRQlsA7odoE+1sFrbPA==",
      "engines": {
        "node": ">=0.10.0"
      }
    },
    "node_modules/object-inspect": {
      "version": "1.12.3",
      "resolved": "https://registry.npmjs.org/object-inspect/-/object-inspect-1.12.3.tgz",
      "integrity": "sha512-geUvdk7c+e+BiuQBFsoA/9iD2n36pdwFabx0spJvdaCp4I2zP453YcW52t8x+kGqN5a2n/gfe7iAvvTh3wXwQg==",
      "funding": {
        "url": "https://github.com/sponsors/ljharb"
      }
    },
    "node_modules/on-finished": {
      "version": "2.4.1",
      "resolved": "https://registry.npmjs.org/on-finished/-/on-finished-2.4.1.tgz",
      "integrity": "sha512-oVlzkg3ENMNrE7S+etb1mDEyvFRoxl8D1W4w0VpXs3Jg8/T0QR4u4G2ajs6wxR8Ai5VoEBuAZ7T5h/lB00Qv1w==",
      "dependencies": {
        "ee-first": "1.1.1"
      },
      "engines": {
        "node": ">= 0.8"
      }
    },
    "node_modules/parseurl": {
      "version": "1.3.3",
      "resolved": "https://registry.npmjs.org/parseurl/-/parseurl-1.3.3.tgz",
      "integrity": "sha512-CogD/u5LoD3qdbMeNUPXuy2e3Z0sDCK2ptx+12MlggQS3BNOi/Gg2EkhM9A/7fEDYJuMLvEaC0n1RyT3z6ocMw==",
      "engines": {
        "node": ">= 0.8"
      }
    },
    "node_modules/proxy-from-env": {
      "version": "1.1.0",
      "resolved": "https://registry.npmjs.org/proxy-from-env/-/proxy-from-env-1.1.0.tgz",
      "integrity": "sha512-D+HcdC5lnMdsgpwhCm37aI40JU37I6D/b3tS6Hh0GmxBNWJ3y/bveML/C5a11tN/13rL9417yFm2l0Gv6gUvg=="
    },
    "node_modules/qs": {
      "version": "6.11.2",
      "resolved": "https://registry.npmjs.org/qs/-/qs-6.11.2.tgz",
      "integrity": "sha512-tFIOF0M6c2Q/QRo+2QpL92aFLl/qBv3yZIVYtSWQe5zG/028c1g04k8Iq9h6yvQ36CjII2p5wTPsQ+41pNx/g==",
      "dependencies": {
        "side-channel": "^1.0.4"
      },
      "engines": {
        "node": ">=0.6"
      },
      "funding": {
        "url": "https://github.com/sponsors/ljharb"
      }
    },
    "node_modules/range-parser": {
      "version": "1.2.1",
      "resolved": "https://registry.npmjs.org/range-parser/-/range-parser-1.2.1.tgz",
      "integrity": "sha512-Hrgsx+orqoy5wQem/gtj24YmhLFRPSw22oT1fWlB5I32a2n7Gf3Hdix+fBfF5m22u7882/1ZinwzCZX3f0xSQ==",
      "engines": {
        "node": ">= 0.6"
      }
    },
    "node_modules/raw-body": {
      "version": "2.5.2",
      "resolved": "https://registry.npmjs.org/raw-body/-/raw-body-2.5.2.tgz",
      "integrity": "sha512-8vxqJ/CTjACfbD+gCaI9J8D/a8BvoH2Jnl5PvTTiO9Jd34cRCDEbV5Iu9D//a/bOo8kxKxP7e52n10T4vT9/VQ==",
      "dependencies": {
        "bytes": "3.1.2",
        "http-errors": "2.0.0",
        "iconv-lite": "0.4.24",
        "unpipe": "1.0.0"
      },
      "engines": {
        "node": ">= 0.8"
      }
    },
    "node_modules/safe-buffer": {
      "version": "5.2.1",
      "resolved": "https://registry.npmjs.org/safe-buffer/-/safe-buffer-5.2.1.tgz",
      "integrity": "sha512-rp3So07KcdmmKbGvgaNxQSJr7bGVSVk5S9Eq1F+ppbRo70+YeaDxkw5Dd8NPNEc2/cqh2/UI9A0sFF9qC3H29g==",
      "funding": [
        {
          "type": "github",
          "url": "https://github.com/sponsors/feross"
        },
        {
          "type": "patreon",
          "url": "https://www.patreon.com/feross"
        },
        {
          "type": "consulting",
          "url": "https://feross.org/support"
        }
      ]
    },
    "node_modules/safer-buffer": {
      "version": "2.1.2",
      "resolved": "https://registry.npmjs.org/safer-buffer/-/safer-buffer-2.1.2.tgz",
      "integrity": "sha512-YZo3K82SD7Riyi0E1EQPojLz7kpepnSQI9bvygy8eyevZ1Qp2stunFyAjaP9ErA2dEg1ZP/GZE+KdvGveqsYWg=="
    },
    "node_modules/send": {
      "version": "0.18.0",
      "resolved": "https://registry.npmjs.org/send/-/send-0.18.0.tgz",
      "integrity": "sha512-qqWzuF4ePamp4ZGu3t3lqx0PgfEdI2w/KjK2c2PGYy2sR8AT8No2tXH7bK/3hd/nBEvjG27xco3jPvo8Y7Dkkw==",
      "dependencies": {
        "debug": "2.6.9",
        "depd": "2.0.0",
        "destroy": "1.2.0",
        "encodeurl": "~1.0.2",
        "escape-html": "~1.0.3",
        "etag": "~1.8.1",
        "fresh": "0.5.2",
        "http-errors": "2.0.0",
        "mime": "1.6.0",
        "ms": "2.1.3",
        "on-finished": "2.4.1",
        "range-parser": "~1.2.1",
        "statuses": "~2.0.1"
      },
      "engines": {
        "node": ">= 0.8.0"
      }
    },
    "node_modules/send/node_modules/debug": {
      "version": "2.6.9",
      "resolved": "https://registry.npmjs.org/debug/-/debug-2.6.9.tgz",
      "integrity": "sha512-bC7ElrdJaJnPbAP+1EotYvqZsb3ecl5wi6Bfi6BJTAn4Pw1EVPl+vXthiPPgoUxb2CUxKlie653El9nbWHDUA==",
      "dependencies": {
        "ms": "2.0.0"
      }
    },
    "node_modules/send/node_modules/ms": {
      "version": "2.0.0",
      "resolved": "https://registry.npmjs.org/ms/-/ms-2.0.0.tgz",
      "integrity": "sha512-Tpp60P6IUJDTuOq/5Z8cdskzJdAbkJTWbHwpGjdQYMAuS9fnZSV6f3heEVAzbrTBiggYQSgCvWRwL+KVKgepLg=="
    },
    "node_modules/send/node_modules/ms": {
      "version": "2.1.3",
      "resolved": "https://registry.npmjs.org/ms/-/ms-2.1.3.tgz",
      "integrity": "sha512-6FlzubTLZG3J2a/NVCAle/KpjPDb2paIheHjBr1wDuRQaib2dUKCFDA78aYeoE/cHdMWVpE9a9guL5QudGGlJw=="
    },
    "node_modules/serve-static": {
      "version": "1.15.0",
      "resolved": "https://registry.npmjs.org/serve-static/-/serve-static-1.15.0.tgz",
      "integrity": "sha512-Akpe/exeyNO1FvIsbBmkxaw0sd+8T3D4cVA3/w7yJGpGj31hghrt3t5e6vG2p3eC4iS1VCl2ftoG3a2N2K5uCg==",
      "dependencies": {
        "encodeurl": "^1.0.2",
        "escape-html": "^1.0.3",
        "parseurl": "^1.3.3",
        "send": "0.18.0"
      },
      "engines": {
        "node": ">= 0.8.0"
      }
    },
    "node_modules/setprototypeof": {
      "version": "1.2.0",
      "resolved": "https://registry.npmjs.org/setprototypeof/-/setprototypeof-1.2.0.tgz",
      "integrity": "sha512-xZ5Kq7cftkx54sYuhPj6O1FyBgZDbP3bXEMbK2oBHGeU2rOV7CIJ4Gjp6xZdXO+sN4IforvsD3A96A9OaI2XoQ=="
    },
    "node_modules/side-channel": {
      "version": "1.0.4",
      "resolved": "https://registry.npmjs.org/side-channel/-/side-channel-1.0.4.tgz",
      "integrity": "sha512-q5XPytqFEgnHw3h3v22PCLBw0j46+VYKht6b2jaJYnL0h2E/8eLgnx+wUa6z3bgrOT/rQkC8rN8w/ups1vB/Jw==",
      "dependencies": {
        "call-bind": "^1.0.0",
        "get-intrinsic": "^1.0.2",
        "object-inspect": "^1.9.0"
      },
      "funding": {
        "url": "https://github.com/sponsors/ljharb"
      }
    },
    "node_modules/socket.io": {
      "version": "4.7.2",
      "resolved": "https://registry.npmjs.org/socket.io/-/socket.io-4.7.2.tgz",
      "integrity": "sha512-OKo8gGKmsOdS25byf2nQfS4d1b03/m2f2/pwrDqahLbbj5xQCY1s0O52t1b2O1/v7L58r1Y2v1zAD/Gz/5nrA==",
      "dependencies": {
        "accepts": "~1.3.8",
        "cookie": "~0.5.0",
        "cors": "~2.8.5",
        "debug": "~4.3.4",
        "engine.io": "~6.5.2",
        "socket.io-adapter": "~2.5.2",
        "socket.io-parser": "~4.2.4"
      },
      "engines": {
        "node": ">=10.0.0"
      }
    },
    "node_modules/socket.io-adapter": {
      "version": "2.5.2",
      "resolved": "https://registry.npmjs.org/socket.io-adapter/-/socket.io-adapter-2.5.2.tgz",
      "integrity": "sha512-y2/yO50KVgNKeP5PntO8kEaOkn/ZgQo3cF7tCpr2o7DE0lF+Y2b60X1/r+zztb8v+b256NziElP+FmI5FouD4g=="
    },
    "node_modules/socket.io-parser": {
      "version": "4.2.4",
      "resolved": "https://registry.npmjs.org/socket.io-parser/-/socket.io-parser-4.2.4.tgz",
      "integrity": "sha512-WaYy1K5SYpP2CRfW2aPC2I427yD4hLq+b0/brLTXCWeYTVvD5e4A3P+dMngMWf0bXQoTf/pUQN9zBGWbXU80/Q==",
      "dependencies": {
        "debug": "~4.3.4",
        "eventemitter3": "~5.0.1"
      },
      "engines": {
        "node": ">=10.0.0"
      }
    },
    "node_modules/statuses": {
      "version": "2.0.1",
      "resolved": "https://registry.npmjs.org/statuses/-/statuses-2.0.1.tgz",
      "integrity": "sha512-RwNA9Z/7PrKCR2i5R0hOfOFs+jB38pyhd575ud4A/Vxpy/mWYfgGH2J6OIuK+Xw3ImxNpeG5K6aZSPKIPeHjTA==",
      "engines": {
        "node": ">= 0.8"
      }
    },
    "node_modules/tmi.js": {
      "version": "1.8.5",
      "resolved": "https://registry.npmjs.org/tmi.js/-/tmi.js-1.8.5.tgz",
      "integrity": "sha512-tOPTSr/4w8hAn62G04n+1/S6n2cKH02k/L8B62SgqgQc25WbD/J3/tL8zT2V4iEZAJ2O05j7/p9s7fWmA==",
      "dependencies": {
        "node-fetch": "2.6.1",
        "ws": "7.4.5"
      },
      "engines": {
        "node": ">=8.3"
      }
    },
    "node_modules/tmi.js/node_modules/ws": {
      "version": "7.4.5",
      "resolved": "https://registry.npmjs.org/ws/-/ws-7.4.5.tgz",
      "integrity": "sha512-xU3fILf4svy2g2I0+B6tsQpSc809uT03v2t2VO+eO4tO2/8PNoj51t2Tlfz3o2+tF7u9z1xYpFBScJ5z2x9+ew==",
      "engines": {
        "node": ">=8.3.0"
      }
    },
    "node_modules/toidentifier": {
      "version": "1.0.1",
      "resolved": "https://registry.npmjs.org/toidentifier/-/toidentifier-1.0.1.tgz",
      "integrity": "sha512-o5sSPKEkgOgrbTwWwJilJmM5zI8pelItcfYIkCJHxNfAwPdp2cSOsFjRK5fKMAJugQFv+C8Ci67alI7Cegqpow==",
      "engines": {
        "node": ">=0.6"
      }
    },
    "node_modules/tr46": {
      "version": "0.0.3",
      "resolved": "https://registry.npmjs.org/tr46/-/tr46-0.0.3.tgz",
      "integrity": "sha512-N3WMLCaT1O4d5nNenG3rWj1C6S6gHyYjkyfgr0hXkSKsQNz5n6iH6i88gBQve5dTR4pGco94lyC/dVSftoRssg=="
    },
    "node_modules/type-is": {
      "version": "1.6.18",
      "resolved": "https://registry.npmjs.org/type-is/-/type-is-1.6.18.tgz",
      "integrity": "sha512-TkRKr9sUTxEH8MdfuCSP7VizJgncII54IHocNWV4S2klP1+KjSikO6xUfJmHzQjFErN3wFB4s62e1K1HqaRg2A==",
      "dependencies": {
        "media-typer": "0.3.0",
        "mime-types": "~2.1.24"
      },
      "engines": {
        "node": ">= 0.6"
      }
    },
    "node_modules/unpipe": {
      "version": "1.0.0",
      "resolved": "https://registry.npmjs.org/unpipe/-/unpipe-1.0.0.tgz",
      "integrity": "sha512-pjy2bYhSsufwWlKwPc+l42B0NLeZd2wSP+ZwPpTYr1hM4sYCVKiPAnSOUfvxMWGcj0vV6b0jdDONHXz0OKt0+Q==",
      "engines": {
        "node": ">= 0.8"
      }
    },
    "node_modules/utils-merge": {
      "version": "1.0.1",
      "resolved": "https://registry.npmjs.org/utils-merge/-/utils-merge-1.0.1.tgz",
      "integrity": "sha512-pM+T+zF3dKAG8f4F2kIe/GwoLgHBDXfP1vxY2iMSf/y+d/9a37aC2M6/82eF8vV1Rd2rG2P2hOyy2s+xLg1fw==",
      "engines": {
        "node": ">= 0.4.0"
      }
    },
    "node_modules/vary": {
      "version": "1.1.2",
      "resolved": "https://registry.npmjs.org/vary/-/vary-1.1.2.tgz",
      "integrity": "sha512-BNGbWLfd0eUPabhkXUVm0j8uuvREyTh5ovRaAf+mQD8+iHtmqI42L30GVT+IsA+E9o3Wh2w6sflsDua+6eSSzQ==",
      "engines": {
        "node": ">= 0.8"
      }
    },
    "node_modules/webidl-conversions": {
      "version": "3.0.1",
      "resolved": "https://registry.npmjs.org/webidl-conversions/-/webidl-conversions-3.0.1.tgz",
      "integrity": "sha512-2JAn3z8AR6rjK8UguRZJy1C/dJLLU/CVO2w2w5p45o3fLEVB53h6up3e202mk9pDT4z2s4syG9l1pAHS5+xJvQ=="
    },
    "node_modules/whatwg-url": {
      "version": "5.0.0",
      "resolved": "https://registry.npmjs.org/whatwg-url/-/whatwg-url-5.0.0.tgz",
      "integrity": "sha512-saE57nup5G62pDl2S1oOu8nKnMflke1pEk55/2v+hTawp9f5320aT6XgI2JbLILPH55/DR3jAn2sXh2/sYp/mg==",
      "dependencies": {
        "tr46": "~0.0.3",
        "webidl-conversions": "^3.0.1"
      }
    },
    "node_modules/ws": {
      "version": "8.11.0",
      "resolved": "https://registry.npmjs.org/ws/-/ws-8.11.0.tgz",
      "integrity": "sha512-HPG3wQd9sNQoT9vA03uexxk75VIe/RJ33kX+hF07AadydQ2EXt/5eTdg8D2cK4T7+S2csb2Qoei5w9Z/4T24xg==",
      "engines": {
        "node": ">=10.0.0"
      },
      "peerDependencies": {
        "bufferutil": "^4.0.1",
        "utf-8-validate": ">=5.0.2"
      },
      "peerDependenciesMeta": {
        "bufferutil": {
          "optional": true
        },
        "utf-8-validate": {
          "optional": true
        }
      }
    }
  }
}
